
Microsoft Visual Studio Solution File, Format Version 12.00
# Visual Studio Version 16
VisualStudioVersion = 16.0.30309.148
MinimumVisualStudioVersion = 10.0.40219.1
Project("{8BC9CEB8-8B4A-11D0-8D11-00A0C91BC942}") = "SYDE_City", "SYDE_City\SYDE_City.vcxproj", "{950A68D2-F1C4-4B89-955E-8FC2A152615F}"
EndProject
Global
	GlobalSection(SolutionConfigurationPlatforms) = preSolution
		Debug|x64 = Debug|x64
		Debug|x86 = Debug|x86
		Release|x64 = Release|x64
		Release|x86 = Release|x86
	EndGlobalSection
	GlobalSection(ProjectConfigurationPlatforms) = postSolution
		{950A68D2-F1C4-4B89-955E-8FC2A152615F}.Debug|x64.ActiveCfg = Debug|x64
		{950A68D2-F1C4-4B89-955E-8FC2A152615F}.Debug|x64.Build.0 = Debug|x64
		{950A68D2-F1C4-4B89-955E-8FC2A152615F}.Debug|x86.ActiveCfg = Debug|Win32
		{950A68D2-F1C4-4B89-955E-8FC2A152615F}.Debug|x86.Build.0 = Debug|Win32
		{950A68D2-F1C4-4B89-955E-8FC2A152615F}.Release|x64.ActiveCfg = Release|x64
		{950A68D2-F1C4-4B89-955E-8FC2A152615F}.Release|x64.Build.0 = Release|x64
		{950A68D2-F1C4-4B89-955E-8FC2A152615F}.Release|x86.ActiveCfg = Release|Win32
		{950A68D2-F1C4-4B89-955E-8FC2A152615F}.Release|x86.Build.0 = Release|Win32
	EndGlobalSection
	GlobalSection(SolutionProperties) = preSolution
		HideSolutionNode = FALSE
	EndGlobalSection
	GlobalSection(ExtensibilityGlobals) = postSolution
		SolutionGuid = {0C3F5C9E-A1BB-457B-B366-4B986066CED8}
	EndGlobalSection
EndGlobal
